
Microsoft Visual Studio Solution File, Format Version 11.00
# Visual C++ Express 2010
Project("{8BC9CEB8-8B4A-11D0-8D11-00A0C91BC942}") = "move", "move.vcxproj", "{BFE86777-CFBB-4A8B-80DB-2E7DED288667}"
EndProject
Global
	GlobalSection(SolutionConfigurationPlatforms) = preSolution
		Debug|Win32 = Debug|Win32
		Release|Win32 = Release|Win32
	EndGlobalSection
	GlobalSection(ProjectConfigurationPlatforms) = postSolution
		{BFE86777-CFBB-4A8B-80DB-2E7DED288667}.Debug|Win32.ActiveCfg = Debug|Win32
		{BFE86777-CFBB-4A8B-80DB-2E7DED288667}.Debug|Win32.Build.0 = Debug|Win32
		{BFE86777-CFBB-4A8B-80DB-2E7DED288667}.Release|Win32.ActiveCfg = Release|Win32
		{BFE86777-CFBB-4A8B-80DB-2E7DED288667}.Release|Win32.Build.0 = Release|Win32
	EndGlobalSection
	GlobalSection(SolutionProperties) = preSolution
		HideSolutionNode = FALSE
	EndGlobalSection
EndGlobal
